// !$*UTF8*$!
{
	archiveVersion = 1;
	classes = {
	};
	objectVersion = 50;
	objects = {

/* Begin PBXBuildFile section */
		9088EEC824D9B56500BA5159 /* AppDelegate.swift in Sources */ = {isa = PBXBuildFile; fileRef = 9088EEC724D9B56500BA5159 /* AppDelegate.swift */; };
		9088EECA24D9B56500BA5159 /* SceneDelegate.swift in Sources */ = {isa = PBXBuildFile; fileRef = 9088EEC924D9B56500BA5159 /* SceneDelegate.swift */; };
		9088EECC24D9B56500BA5159 /* ViewController.swift in Sources */ = {isa = PBXBuildFile; fileRef = 9088EECB24D9B56500BA5159 /* ViewController.swift */; };
		9088EECF24D9B56500BA5159 /* Main.storyboard in Resources */ = {isa = PBXBuildFile; fileRef = 9088EECD24D9B56500BA5159 /* Main.storyboard */; };
		9088EED124D9B56700BA5159 /* Assets.xcassets in Resources */ = {isa = PBXBuildFile; fileRef = 9088EED024D9B56700BA5159 /* Assets.xcassets */; };
		9088EED424D9B56700BA5159 /* LaunchScreen.storyboard in Resources */ = {isa = PBXBuildFile; fileRef = 9088EED224D9B56700BA5159 /* LaunchScreen.storyboard */; };
		9088EEDF24D9B56700BA5159 /* Table_ViewTests.swift in Sources */ = {isa = PBXBuildFile; fileRef = 9088EEDE24D9B56700BA5159 /* Table_ViewTests.swift */; };
		9088EEEA24D9B56700BA5159 /* Table_ViewUITests.swift in Sources */ = {isa = PBXBuildFile; fileRef = 9088EEE924D9B56700BA5159 /* Table_ViewUITests.swift */; };
/* End PBXBuildFile section */

/* Begin PBXContainerItemProxy section */
		9088EEDB24D9B56700BA5159 /* PBXContainerItemProxy */ = {
			isa = PBXContainerItemProxy;
			containerPortal = 9088EEBC24D9B56500BA5159 /* Project object */;
			proxyType = 1;
			remoteGlobalIDString = 9088EEC324D9B56500BA5159;
			remoteInfo = "Table View";
		};
		9088EEE624D9B56700BA5159 /* PBXContainerItemProxy */ = {
			isa = PBXContainerItemProxy;
			containerPortal = 9088EEBC24D9B56500BA5159 /* Project object */;
			proxyType = 1;
			remoteGlobalIDString = 9088EEC324D9B56500BA5159;
			remoteInfo = "Table View";
		};
/* End PBXContainerItemProxy section */

/* Begin PBXFileReference section */
		9088EEC424D9B56500BA5159 /* Table View.app */ = {isa = PBXFileReference; explicitFileType = wrapper.application; includeInIndex = 0; path = "Table View.app"; sourceTree = BUILT_PRODUCTS_DIR; };
		9088EEC724D9B56500BA5159 /* AppDelegate.swift */ = {isa = PBXFileReference; lastKnownFileType = sourcecode.swift; path = AppDelegate.swift; sourceTree = "<group>"; };
		9088EEC924D9B56500BA5159 /* SceneDelegate.swift */ = {isa = PBXFileReference; lastKnownFileType = sourcecode.swift; path = SceneDelegate.swift; sourceTree = "<group>"; };
		9088EECB24D9B56500BA5159 /* ViewController.swift */ = {isa = PBXFileReference; lastKnownFileType = sourcecode.swift; path = ViewController.swift; sourceTree = "<group>"; };
		9088EECE24D9B56500BA5159 /* Base */ = {isa = PBXFileReference; lastKnownFileType = file.storyboard; name = Base; path = Base.lproj/Main.storyboard; sourceTree = "<group>"; };
		9088EED024D9B56700BA5159 /* Assets.xcassets */ = {isa = PBXFileReference; lastKnownFileType = folder.assetcatalog; path = Assets.xcassets; sourceTree = "<group>"; };
		9088EED324D9B56700BA5159 /* Base */ = {isa = PBXFileReference; lastKnownFileType = file.storyboard; name = Base; path = Base.lproj/LaunchScreen.storyboard; sourceTree = "<group>"; };
		9088EED524D9B56700BA5159 /* Info.plist */ = {isa = PBXFileReference; lastKnownFileType = text.plist.xml; path = Info.plist; sourceTree = "<group>"; };
		9088EEDA24D9B56700BA5159 /* Table ViewTests.xctest */ = {isa = PBXFileReference; explicitFileType = wrapper.cfbundle; includeInIndex = 0; path = "Table ViewTests.xctest"; sourceTree = BUILT_PRODUCTS_DIR; };
		9088EEDE24D9B56700BA5159 /* Table_ViewTests.swift */ = {isa = PBXFileReference; lastKnownFileType = sourcecode.swift; path = Table_ViewTests.swift; sourceTree = "<group>"; };
		9088EEE024D9B56700BA5159 /* Info.plist */ = {isa = PBXFileReference; lastKnownFileType = text.plist.xml; path = Info.plist; sourceTree = "<group>"; };
		9088EEE524D9B56700BA5159 /* Table ViewUITests.xctest */ = {isa = PBXFileReference; explicitFileType = wrapper.cfbundle; includeInIndex = 0; path = "Table ViewUITests.xctest"; sourceTree = BUILT_PRODUCTS_DIR; };
		9088EEE924D9B56700BA5159 /* Table_ViewUITests.swift */ = {isa = PBXFileReference; lastKnownFileType = sourcecode.swift; path = Table_ViewUITests.swift; sourceTree = "<group>"; };
		9088EEEB24D9B56700BA5159 /* Info.plist */ = {isa = PBXFileReference; lastKnownFileType = text.plist.xml; path = Info.plist; sourceTree = "<group>"; };
/* End PBXFileReference section */

/* Begin PBXFrameworksBuildPhase section */
		9088EEC124D9B56500BA5159 /* Frameworks */ = {
			isa = PBXFrameworksBuildPhase;
			buildActionMask = 2147483647;
			files = (
			);
			runOnlyForDeploymentPostprocessing = 0;
		};
		9088EED724D9B56700BA5159 /* Frameworks */ = {
			isa = PBXFrameworksBuildPhase;
			buildActionMask = 2147483647;
			files = (
			);
			runOnlyForDeploymentPostprocessing = 0;
		};
		9088EEE224D9B56700BA5159 /* Frameworks */ = {
			isa = PBXFrameworksBuildPhase;
			buildActionMask = 2147483647;
			files = (
			);
			runOnlyForDeploymentPostprocessing = 0;
		};
/* End PBXFrameworksBuildPhase section */

/* Begin PBXGroup section */
		9088EEBB24D9B56500BA5159 = {
			isa = PBXGroup;
			children = (
				9088EEC624D9B56500BA5159 /* Table View */,
				9088EEDD24D9B56700BA5159 /* Table ViewTests */,
				9088EEE824D9B56700BA5159 /* Table ViewUITests */,
				9088EEC524D9B56500BA5159 /* Products */,
			);
			sourceTree = "<group>";
		};
		9088EEC524D9B56500BA5159 /* Products */ = {
			isa = PBXGroup;
			children = (
				9088EEC424D9B56500BA5159 /* Table View.app */,
				9088EEDA24D9B56700BA5159 /* Table ViewTests.xctest */,
				9088EEE524D9B56700BA5159 /* Table ViewUITests.xctest */,
			);
			name = Products;
			sourceTree = "<group>";
		};
		9088EEC624D9B56500BA5159 /* Table View */ = {
			isa = PBXGroup;
			children = (
				9088EEC724D9B56500BA5159 /* AppDelegate.swift */,
				9088EEC924D9B56500BA5159 /* SceneDelegate.swift */,
				9088EECB24D9B56500BA5159 /* ViewController.swift */,
				9088EECD24D9B56500BA5159 /* Main.storyboard */,
				9088EED024D9B56700BA5159 /* Assets.xcassets */,
				9088EED224D9B56700BA5159 /* LaunchScreen.storyboard */,
				9088EED524D9B56700BA5159 /* Info.plist */,
			);
			path = "Table View";
			sourceTree = "<group>";
		};
		9088EEDD24D9B56700BA5159 /* Table ViewTests */ = {
			isa = PBXGroup;
			children = (
				9088EEDE24D9B56700BA5159 /* Table_ViewTests.swift */,
				9088EEE024D9B56700BA5159 /* Info.plist */,
			);
			path = "Table ViewTests";
			sourceTree = "<group>";
		};
		9088EEE824D9B56700BA5159 /* Table ViewUITests */ = {
			isa = PBXGroup;
			children = (
				9088EEE924D9B56700BA5159 /* Table_ViewUITests.swift */,
				9088EEEB24D9B56700BA5159 /* Info.plist */,
			);
			path = "Table ViewUITests";
			sourceTree = "<group>";
		};
/* End PBXGroup section */

/* Begin PBXNativeTarget section */
		9088EEC324D9B56500BA5159 /* Table View */ = {
			isa = PBXNativeTarget;
			buildConfigurationList = 9088EEEE24D9B56700BA5159 /* Build configuration list for PBXNativeTarget "Table View" */;
			buildPhases = (
				9088EEC024D9B56500BA5159 /* Sources */,
				9088EEC124D9B56500BA5159 /* Frameworks */,
				9088EEC224D9B56500BA5159 /* Resources */,
			);
			buildRules = (
			);
			dependencies = (
			);
			name = "Table View";
			productName = "Table View";
			productReference = 9088EEC424D9B56500BA5159 /* Table View.app */;
			productType = "com.apple.product-type.application";
		};
		9088EED924D9B56700BA5159 /* Table ViewTests */ = {
			isa = PBXNativeTarget;
			buildConfigurationList = 9088EEF124D9B56700BA5159 /* Build configuration list for PBXNativeTarget "Table ViewTests" */;
			buildPhases = (
				9088EED624D9B56700BA5159 /* Sources */,
				9088EED724D9B56700BA5159 /* Frameworks */,
				9088EED824D9B56700BA5159 /* Resources */,
			);
			buildRules = (
			);
			dependencies = (
				9088EEDC24D9B56700BA5159 /* PBXTargetDependency */,
			);
			name = "Table ViewTests";
			productName = "Table ViewTests";
			productReference = 9088EEDA24D9B56700BA5159 /* Table ViewTests.xctest */;
			productType = "com.apple.product-type.bundle.unit-test";
		};
		9088EEE424D9B56700BA5159 /* Table ViewUITests */ = {
			isa = PBXNativeTarget;
			buildConfigurationList = 9088EEF424D9B56700BA5159 /* Build configuration list for PBXNativeTarget "Table ViewUITests" */;
			buildPhases = (
				9088EEE124D9B56700BA5159 /* Sources */,
				9088EEE224D9B56700BA5159 /* Frameworks */,
				9088EEE324D9B56700BA5159 /* Resources */,
			);
			buildRules = (
			);
			dependencies = (
				9088EEE724D9B56700BA5159 /* PBXTargetDependency */,
			);
			name = "Table ViewUITests";
			productName = "Table ViewUITests";
			productReference = 9088EEE524D9B56700BA5159 /* Table ViewUITests.xctest */;
			productType = "com.apple.product-type.bundle.ui-testing";
		};
/* End PBXNativeTarget section */

/* Begin PBXProject section */
		9088EEBC24D9B56500BA5159 /* Project object */ = {
			isa = PBXProject;
			attributes = {
				LastSwiftUpdateCheck = 1150;
				LastUpgradeCheck = 1150;
				ORGANIZATIONNAME = "Brian Redmond";
				TargetAttributes = {
					9088EEC324D9B56500BA5159 = {
						CreatedOnToolsVersion = 11.5;
					};
					9088EED924D9B56700BA5159 = {
						CreatedOnToolsVersion = 11.5;
						TestTargetID = 9088EEC324D9B56500BA5159;
					};
					9088EEE424D9B56700BA5159 = {
						CreatedOnToolsVersion = 11.5;
						TestTargetID = 9088EEC324D9B56500BA5159;
					};
				};
			};
			buildConfigurationList = 9088EEBF24D9B56500BA5159 /* Build configuration list for PBXProject "Table View" */;
			compatibilityVersion = "Xcode 9.3";
			developmentRegion = en;
			hasScannedForEncodings = 0;
			knownRegions = (
				en,
				Base,
			);
			mainGroup = 9088EEBB24D9B56500BA5159;
			productRefGroup = 9088EEC524D9B56500BA5159 /* Products */;
			projectDirPath = "";
			projectRoot = "";
			targets = (
				9088EEC324D9B56500BA5159 /* Table View */,
				9088EED924D9B56700BA5159 /* Table ViewTests */,
				9088EEE424D9B56700BA5159 /* Table ViewUITests */,
			);
		};
/* End PBXProject section */

/* Begin PBXResourcesBuildPhase section */
		9088EEC224D9B56500BA5159 /* Resources */ = {
			isa = PBXResourcesBuildPhase;
			buildActionMask = 2147483647;
			files = (
				9088EED424D9B56700BA5159 /* LaunchScreen.storyboard in Resources */,
				9088EED124D9B56700BA5159 /* Assets.xcassets in Resources */,
				9088EECF24D9B56500BA5159 /* Main.storyboard in Resources */,
			);
			runOnlyForDeploymentPostprocessing = 0;
		};
		9088EED824D9B56700BA5159 /* Resources */ = {
			isa = PBXResourcesBuildPhase;
			buildActionMask = 2147483647;
			files = (
			);
			runOnlyForDeploymentPostprocessing = 0;
		};
		9088EEE324D9B56700BA5159 /* Resources */ = {
			isa = PBXResourcesBuildPhase;
			buildActionMask = 2147483647;
			files = (
			);
			runOnlyForDeploymentPostprocessing = 0;
		};
/* End PBXResourcesBuildPhase section */

/* Begin PBXSourcesBuildPhase section */
		9088EEC024D9B56500BA5159 /* Sources */ = {
			isa = PBXSourcesBuildPhase;
			buildActionMask = 2147483647;
			files = (
				9088EECC24D9B56500BA5159 /* ViewController.swift in Sources */,
				9088EEC824D9B56500BA5159 /* AppDelegate.swift in Sources */,
				9088EECA24D9B56500BA5159 /* SceneDelegate.swift in Sources */,
			);
			runOnlyForDeploymentPostprocessing = 0;
		};
		9088EED624D9B56700BA5159 /* Sources */ = {
			isa = PBXSourcesBuildPhase;
			buildActionMask = 2147483647;
			files = (
				9088EEDF24D9B56700BA5159 /* Table_ViewTests.swift in Sources */,
			);
			runOnlyForDeploymentPostprocessing = 0;
		};
		9088EEE124D9B56700BA5159 /* Sources */ = {
			isa = PBXSourcesBuildPhase;
			buildActionMask = 2147483647;
			files = (
				9088EEEA24D9B56700BA5159 /* Table_ViewUITests.swift in Sources */,
			);
			runOnlyForDeploymentPostprocessing = 0;
		};
/* End PBXSourcesBuildPhase section */

/* Begin PBXTargetDependency section */
		9088EEDC24D9B56700BA5159 /* PBXTargetDependency */ = {
			isa = PBXTargetDependency;
			target = 9088EEC324D9B56500BA5159 /* Table View */;
			targetProxy = 9088EEDB24D9B56700BA5159 /* PBXContainerItemProxy */;
		};
		9088EEE724D9B56700BA5159 /* PBXTargetDependency */ = {
			isa = PBXTargetDependency;
			target = 9088EEC324D9B56500BA5159 /* Table View */;
			targetProxy = 9088EEE624D9B56700BA5159 /* PBXContainerItemProxy */;
		};
/* End PBXTargetDependency section */

/* Begin PBXVariantGroup section */
		9088EECD24D9B56500BA5159 /* Main.storyboard */ = {
			isa = PBXVariantGroup;
			children = (
				9088EECE24D9B56500BA5159 /* Base */,
			);
			name = Main.storyboard;
			sourceTree = "<group>";
		};
		9088EED224D9B56700BA5159 /* LaunchScreen.storyboard */ = {
			isa = PBXVariantGroup;
			children = (
				9088EED324D9B56700BA5159 /* Base */,
			);
			name = LaunchScreen.storyboard;
			sourceTree = "<group>";
		};
/* End PBXVariantGroup section */

/* Begin XCBuildConfiguration section */
		9088EEEC24D9B56700BA5159 /* Debug */ = {
			isa = XCBuildConfiguration;
			buildSettings = {
				ALWAYS_SEARCH_USER_PATHS = NO;
				CLANG_ANALYZER_NONNULL = YES;
				CLANG_ANALYZER_NUMBER_OBJECT_CONVERSION = YES_AGGRESSIVE;
				CLANG_CXX_LANGUAGE_STANDARD = "gnu++14";
				CLANG_CXX_LIBRARY = "libc++";
				CLANG_ENABLE_MODULES = YES;
				CLANG_ENABLE_OBJC_ARC = YES;
				CLANG_ENABLE_OBJC_WEAK = YES;
				CLANG_WARN_BLOCK_CAPTURE_AUTORELEASING = YES;
				CLANG_WARN_BOOL_CONVERSION = YES;
				CLANG_WARN_COMMA = YES;
				CLANG_WARN_CONSTANT_CONVERSION = YES;
				CLANG_WARN_DEPRECATED_OBJC_IMPLEMENTATIONS = YES;
				CLANG_WARN_DIRECT_OBJC_ISA_USAGE = YES_ERROR;
				CLANG_WARN_DOCUMENTATION_COMMENTS = YES;
				CLANG_WARN_EMPTY_BODY = YES;
				CLANG_WARN_ENUM_CONVERSION = YES;
				CLANG_WARN_INFINITE_RECURSION = YES;
				CLANG_WARN_INT_CONVERSION = YES;
				CLANG_WARN_NON_LITERAL_NULL_CONVERSION = YES;
				CLANG_WARN_OBJC_IMPLICIT_RETAIN_SELF = YES;
				CLANG_WARN_OBJC_LITERAL_CONVERSION = YES;
				CLANG_WARN_OBJC_ROOT_CLASS = YES_ERROR;
				CLANG_WARN_RANGE_LOOP_ANALYSIS = YES;
				CLANG_WARN_STRICT_PROTOTYPES = YES;
				CLANG_WARN_SUSPICIOUS_MOVE = YES;
				CLANG_WARN_UNGUARDED_AVAILABILITY = YES_AGGRESSIVE;
				CLANG_WARN_UNREACHABLE_CODE = YES;
				CLANG_WARN__DUPLICATE_METHOD_MATCH = YES;
				COPY_PHASE_STRIP = NO;
				DEBUG_INFORMATION_FORMAT = dwarf;
				ENABLE_STRICT_OBJC_MSGSEND = YES;
				ENABLE_TESTABILITY = YES;
				GCC_C_LANGUAGE_STANDARD = gnu11;
				GCC_DYNAMIC_NO_PIC = NO;
				GCC_NO_COMMON_BLOCKS = YES;
				GCC_OPTIMIZATION_LEVEL = 0;
				GCC_PREPROCESSOR_DEFINITIONS = (
					"DEBUG=1",
					"$(inherited)",
				);
				GCC_WARN_64_TO_32_BIT_CONVERSION = YES;
				GCC_WARN_ABOUT_RETURN_TYPE = YES_ERROR;
				GCC_WARN_UNDECLARED_SELECTOR = YES;
				GCC_WARN_UNINITIALIZED_AUTOS = YES_AGGRESSIVE;
				GCC_WARN_UNUSED_FUNCTION = YES;
				GCC_WARN_UNUSED_VARIABLE = YES;
				IPHONEOS_DEPLOYMENT_TARGET = 13.5;
				MTL_ENABLE_DEBUG_INFO = INCLUDE_SOURCE;
				MTL_FAST_MATH = YES;
				ONLY_ACTIVE_ARCH = YES;
				SDKROOT = iphoneos;
				SWIFT_ACTIVE_COMPILATION_CONDITIONS = DEBUG;
				SWIFT_OPTIMIZATION_LEVEL = "-Onone";
			};
			name = Debug;
		};
		9088EEED24D9B56700BA5159 /* Release */ = {
			isa = XCBuildConfiguration;
			buildSettings = {
				ALWAYS_SEARCH_USER_PATHS = NO;
				CLANG_ANALYZER_NONNULL = YES;
				CLANG_ANALYZER_NUMBER_OBJECT_CONVERSION = YES_AGGRESSIVE;
				CLANG_CXX_LANGUAGE_STANDARD = "gnu++14";
				CLANG_CXX_LIBRARY = "libc++";
				CLANG_ENABLE_MODULES = YES;
				CLANG_ENABLE_OBJC_ARC = YES;
				CLANG_ENABLE_OBJC_WEAK = YES;
				CLANG_WARN_BLOCK_CAPTURE_AUTORELEASING = YES;
				CLANG_WARN_BOOL_CONVERSION = YES;
				CLANG_WARN_COMMA = YES;
				CLANG_WARN_CONSTANT_CONVERSION = YES;
				CLANG_WARN_DEPRECATED_OBJC_IMPLEMENTATIONS = YES;
				CLANG_WARN_DIRECT_OBJC_ISA_USAGE = YES_ERROR;
				CLANG_WARN_DOCUMENTATION_COMMENTS = YES;
				CLANG_WARN_EMPTY_BODY = YES;
				CLANG_WARN_ENUM_CONVERSION = YES;
				CLANG_WARN_INFINITE_RECURSION = YES;
				CLANG_WARN_INT_CONVERSION = YES;
				CLANG_WARN_NON_LITERAL_NULL_CONVERSION = YES;
				CLANG_WARN_OBJC_IMPLICIT_RETAIN_SELF = YES;
				CLANG_WARN_OBJC_LITERAL_CONVERSION = YES;
				CLANG_WARN_OBJC_ROOT_CLASS = YES_ERROR;
				CLANG_WARN_RANGE_LOOP_ANALYSIS = YES;
				CLANG_WARN_STRICT_PROTOTYPES = YES;
				CLANG_WARN_SUSPICIOUS_MOVE = YES;
				CLANG_WARN_UNGUARDED_AVAILABILITY = YES_AGGRESSIVE;
				CLANG_WARN_UNREACHABLE_CODE = YES;
				CLANG_WARN__DUPLICATE_METHOD_MATCH = YES;
				COPY_PHASE_STRIP = NO;
				DEBUG_INFORMATION_FORMAT = "dwarf-with-dsym";
				ENABLE_NS_ASSERTIONS = NO;
				ENABLE_STRICT_OBJC_MSGSEND = YES;
				GCC_C_LANGUAGE_STANDARD = gnu11;
				GCC_NO_COMMON_BLOCKS = YES;
				GCC_WARN_64_TO_32_BIT_CONVERSION = YES;
				GCC_WARN_ABOUT_RETURN_TYPE = YES_ERROR;
				GCC_WARN_UNDECLARED_SELECTOR = YES;
				GCC_WARN_UNINITIALIZED_AUTOS = YES_AGGRESSIVE;
				GCC_WARN_UNUSED_FUNCTION = YES;
				GCC_WARN_UNUSED_VARIABLE = YES;
				IPHONEOS_DEPLOYMENT_TARGET = 13.5;
				MTL_ENABLE_DEBUG_INFO = NO;
				MTL_FAST_MATH = YES;
				SDKROOT = iphoneos;
				SWIFT_COMPILATION_MODE = wholemodule;
				SWIFT_OPTIMIZATION_LEVEL = "-O";
				VALIDATE_PRODUCT = YES;
			};
			name = Release;
		};
		9088EEEF24D9B56700BA5159 /* Debug */ = {
			isa = XCBuildConfiguration;
			buildSettings = {
				ASSETCATALOG_COMPILER_APPICON_NAME = AppIcon;
				CODE_SIGN_STYLE = Automatic;
				INFOPLIST_FILE = "Table View/Info.plist";
				LD_RUNPATH_SEARCH_PATHS = (
					"$(inherited)",
					"@executable_path/Frameworks",
				);
				PRODUCT_BUNDLE_IDENTIFIER = "Forest-Evergreen.Table-View";
				PRODUCT_NAME = "$(TARGET_NAME)";
				SWIFT_VERSION = 5.0;
				TARGETED_DEVICE_FAMILY = "1,2";
			};
			name = Debug;
		};
		9088EEF024D9B56700BA5159 /* Release */ = {
			isa = XCBuildConfiguration;
			buildSettings = {
				ASSETCATALOG_COMPILER_APPICON_NAME = AppIcon;
				CODE_SIGN_STYLE = Automatic;
				INFOPLIST_FILE = "Table View/Info.plist";
				LD_RUNPATH_SEARCH_PATHS = (
					"$(inherited)",
					"@executable_path/Frameworks",
				);
				PRODUCT_BUNDLE_IDENTIFIER = "Forest-Evergreen.Table-View";
				PRODUCT_NAME = "$(TARGET_NAME)";
				SWIFT_VERSION = 5.0;
				TARGETED_DEVICE_FAMILY = "1,2";
			};
			name = Release;
		};
		9088EEF224D9B56700BA5159 /* Debug */ = {
			isa = XCBuildConfiguration;
			buildSettings = {
				ALWAYS_EMBED_SWIFT_STANDARD_LIBRARIES = YES;
				BUNDLE_LOADER = "$(TEST_HOST)";
				CODE_SIGN_STYLE = Automatic;
				INFOPLIST_FILE = "Table ViewTests/Info.plist";
				IPHONEOS_DEPLOYMENT_TARGET = 13.5;
				LD_RUNPATH_SEARCH_PATHS = (
					"$(inherited)",
					"@executable_path/Frameworks",
					"@loader_path/Frameworks",
				);
				PRODUCT_BUNDLE_IDENTIFIER = "Forest-Evergreen.Table-ViewTests";
				PRODUCT_NAME = "$(TARGET_NAME)";
				SWIFT_VERSION = 5.0;
				TARGETED_DEVICE_FAMILY = "1,2";
				TEST_HOST = "$(BUILT_PRODUCTS_DIR)/Table View.app/Table View";
			};
			name = Debug;
		};
		9088EEF324D9B56700BA5159 /* Release */ = {
			isa = XCBuildConfiguration;
			buildSettings = {
				ALWAYS_EMBED_SWIFT_STANDARD_LIBRARIES = YES;
				BUNDLE_LOADER = "$(TEST_HOST)";
				CODE_SIGN_STYLE = Automatic;
				INFOPLIST_FILE = "Table ViewTests/Info.plist";
				IPHONEOS_DEPLOYMENT_TARGET = 13.5;
				LD_RUNPATH_SEARCH_PATHS = (
					"$(inherited)",
					"@executable_path/Frameworks",
					"@loader_path/Frameworks",
				);
				PRODUCT_BUNDLE_IDENTIFIER = "Forest-Evergreen.Table-ViewTests";
				PRODUCT_NAME = "$(TARGET_NAME)";
				SWIFT_VERSION = 5.0;
				TARGETED_DEVICE_FAMILY = "1,2";
				TEST_HOST = "$(BUILT_PRODUCTS_DIR)/Table View.app/Table View";
			};
			name = Release;
		};
		9088EEF524D9B56700BA5159 /* Debug */ = {
			isa = XCBuildConfiguration;
			buildSettings = {
				ALWAYS_EMBED_SWIFT_STANDARD_LIBRARIES = YES;
				CODE_SIGN_STYLE = Automatic;
				INFOPLIST_FILE = "Table ViewUITests/Info.plist";
				LD_RUNPATH_SEARCH_PATHS = (
					"$(inherited)",
					"@executable_path/Frameworks",
					"@loader_path/Frameworks",
				);
				PRODUCT_BUNDLE_IDENTIFIER = "Forest-Evergreen.Table-ViewUITests";
				PRODUCT_NAME = "$(TARGET_NAME)";
				SWIFT_VERSION = 5.0;
				TARGETED_DEVICE_FAMILY = "1,2";
				TEST_TARGET_NAME = "Table View";
			};
			name = Debug;
		};
		9088EEF624D9B56700BA5159 /* Release */ = {
			isa = XCBuildConfiguration;
			buildSettings = {
				ALWAYS_EMBED_SWIFT_STANDARD_LIBRARIES = YES;
				CODE_SIGN_STYLE = Automatic;
				INFOPLIST_FILE = "Table ViewUITests/Info.plist";
				LD_RUNPATH_SEARCH_PATHS = (
					"$(inherited)",
					"@executable_path/Frameworks",
					"@loader_path/Frameworks",
				);
				PRODUCT_BUNDLE_IDENTIFIER = "Forest-Evergreen.Table-ViewUITests";
				PRODUCT_NAME = "$(TARGET_NAME)";
				SWIFT_VERSION = 5.0;
				TARGETED_DEVICE_FAMILY = "1,2";
				TEST_TARGET_NAME = "Table View";
			};
			name = Release;
		};
/* End XCBuildConfiguration section */

/* Begin XCConfigurationList section */
		9088EEBF24D9B56500BA5159 /* Build configuration list for PBXProject "Table View" */ = {
			isa = XCConfigurationList;
			buildConfigurations = (
				9088EEEC24D9B56700BA5159 /* Debug */,
				9088EEED24D9B56700BA5159 /* Release */,
			);
			defaultConfigurationIsVisible = 0;
			defaultConfigurationName = Release;
		};
		9088EEEE24D9B56700BA5159 /* Build configuration list for PBXNativeTarget "Table View" */ = {
			isa = XCConfigurationList;
			buildConfigurations = (
				9088EEEF24D9B56700BA5159 /* Debug */,
				9088EEF024D9B56700BA5159 /* Release */,
			);
			defaultConfigurationIsVisible = 0;
			defaultConfigurationName = Release;
		};
		9088EEF124D9B56700BA5159 /* Build configuration list for PBXNativeTarget "Table ViewTests" */ = {
			isa = XCConfigurationList;
			buildConfigurations = (
				9088EEF224D9B56700BA5159 /* Debug */,
				9088EEF324D9B56700BA5159 /* Release */,
			);
			defaultConfigurationIsVisible = 0;
			defaultConfigurationName = Release;
		};
		9088EEF424D9B56700BA5159 /* Build configuration list for PBXNativeTarget "Table ViewUITests" */ = {
			isa = XCConfigurationList;
			buildConfigurations = (
				9088EEF524D9B56700BA5159 /* Debug */,
				9088EEF624D9B56700BA5159 /* Release */,
			);
			defaultConfigurationIsVisible = 0;
			defaultConfigurationName = Release;
		};
/* End XCConfigurationList section */
	};
	rootObject = 9088EEBC24D9B56500BA5159 /* Project object */;
}
